
Microsoft Visual Studio Solution File, Format Version 12.00
# Visual Studio Version 16
VisualStudioVersion = 16.0.31911.196
MinimumVisualStudioVersion = 10.0.40219.1
Project("{FAE04EC0-301F-11D3-BF4B-00C04F79EFBC}") = "Apiprueba1", "Apiprueba1.csproj", "{E0A4D353-9006-4FCC-AD3D-986EFBCCAACF}"
EndProject
Global
	GlobalSection(SolutionConfigurationPlatforms) = preSolution
		Debug|Any CPU = Debug|Any CPU
		Release|Any CPU = Release|Any CPU
	EndGlobalSection
	GlobalSection(ProjectConfigurationPlatforms) = postSolution
		{E0A4D353-9006-4FCC-AD3D-986EFBCCAACF}.Debug|Any CPU.ActiveCfg = Debug|Any CPU
		{E0A4D353-9006-4FCC-AD3D-986EFBCCAACF}.Debug|Any CPU.Build.0 = Debug|Any CPU
		{E0A4D353-9006-4FCC-AD3D-986EFBCCAACF}.Release|Any CPU.ActiveCfg = Release|Any CPU
		{E0A4D353-9006-4FCC-AD3D-986EFBCCAACF}.Release|Any CPU.Build.0 = Release|Any CPU
	EndGlobalSection
	GlobalSection(SolutionProperties) = preSolution
		HideSolutionNode = FALSE
	EndGlobalSection
	GlobalSection(ExtensibilityGlobals) = postSolution
		SolutionGuid = {70F11E9E-8DD7-42A0-B9FE-FEDEFBD54515}
	EndGlobalSection
EndGlobal
